// !$*UTF8*$!
{
	archiveVersion = 1;
	classes = {
	};
	objectVersion = 46;
	objects = {

/* Begin PBXBuildFile section */
		CD03E25D1F7A387D00520717 /* AppDelegate.swift in Sources */ = {isa = PBXBuildFile; fileRef = CD03E25C1F7A387D00520717 /* AppDelegate.swift */; };
		CD03E25F1F7A387D00520717 /* ViewController.swift in Sources */ = {isa = PBXBuildFile; fileRef = CD03E25E1F7A387D00520717 /* ViewController.swift */; };
		CD03E2621F7A387D00520717 /* Main.storyboard in Resources */ = {isa = PBXBuildFile; fileRef = CD03E2601F7A387D00520717 /* Main.storyboard */; };
		CD03E2641F7A387D00520717 /* Assets.xcassets in Resources */ = {isa = PBXBuildFile; fileRef = CD03E2631F7A387D00520717 /* Assets.xcassets */; };
		CD03E2671F7A387D00520717 /* LaunchScreen.storyboard in Resources */ = {isa = PBXBuildFile; fileRef = CD03E2651F7A387D00520717 /* LaunchScreen.storyboard */; };
/* End PBXBuildFile section */

/* Begin PBXFileReference section */
		CD03E2591F7A387D00520717 /* OverlayDemo.app */ = {isa = PBXFileReference; explicitFileType = wrapper.application; includeInIndex = 0; path = OverlayDemo.app; sourceTree = BUILT_PRODUCTS_DIR; };
		CD03E25C1F7A387D00520717 /* AppDelegate.swift */ = {isa = PBXFileReference; lastKnownFileType = sourcecode.swift; path = AppDelegate.swift; sourceTree = "<group>"; };
		CD03E25E1F7A387D00520717 /* ViewController.swift */ = {isa = PBXFileReference; lastKnownFileType = sourcecode.swift; path = ViewController.swift; sourceTree = "<group>"; };
		CD03E2611F7A387D00520717 /* Base */ = {isa = PBXFileReference; lastKnownFileType = file.storyboard; name = Base; path = Base.lproj/Main.storyboard; sourceTree = "<group>"; };
		CD03E2631F7A387D00520717 /* Assets.xcassets */ = {isa = PBXFileReference; lastKnownFileType = folder.assetcatalog; path = Assets.xcassets; sourceTree = "<group>"; };
		CD03E2661F7A387D00520717 /* Base */ = {isa = PBXFileReference; lastKnownFileType = file.storyboard; name = Base; path = Base.lproj/LaunchScreen.storyboard; sourceTree = "<group>"; };
		CD03E2681F7A387D00520717 /* Info.plist */ = {isa = PBXFileReference; lastKnownFileType = text.plist.xml; path = Info.plist; sourceTree = "<group>"; };
/* End PBXFileReference section */

/* Begin PBXFrameworksBuildPhase section */
		CD03E2561F7A387D00520717 /* Frameworks */ = {
			isa = PBXFrameworksBuildPhase;
			buildActionMask = 2147483647;
			files = (
			);
			runOnlyForDeploymentPostprocessing = 0;
		};
/* End PBXFrameworksBuildPhase section */

/* Begin PBXGroup section */
		CD03E2501F7A387D00520717 = {
			isa = PBXGroup;
			children = (
				CD03E25B1F7A387D00520717 /* OverlayDemo */,
				CD03E25A1F7A387D00520717 /* Products */,
			);
			sourceTree = "<group>";
		};
		CD03E25A1F7A387D00520717 /* Products */ = {
			isa = PBXGroup;
			children = (
				CD03E2591F7A387D00520717 /* OverlayDemo.app */,
			);
			name = Products;
			sourceTree = "<group>";
		};
		CD03E25B1F7A387D00520717 /* OverlayDemo */ = {
			isa = PBXGroup;
			children = (
				CD03E25C1F7A387D00520717 /* AppDelegate.swift */,
				CD03E25E1F7A387D00520717 /* ViewController.swift */,
				CD03E2601F7A387D00520717 /* Main.storyboard */,
				CD03E2631F7A387D00520717 /* Assets.xcassets */,
				CD03E2651F7A387D00520717 /* LaunchScreen.storyboard */,
				CD03E2681F7A387D00520717 /* Info.plist */,
			);
			path = OverlayDemo;
			sourceTree = "<group>";
		};
/* End PBXGroup section */

/* Begin PBXNativeTarget section */
		CD03E2581F7A387D00520717 /* OverlayDemo */ = {
			isa = PBXNativeTarget;
			buildConfigurationList = CD03E26B1F7A387D00520717 /* Build configuration list for PBXNativeTarget "OverlayDemo" */;
			buildPhases = (
				CD03E2551F7A387D00520717 /* Sources */,
				CD03E2561F7A387D00520717 /* Frameworks */,
				CD03E2571F7A387D00520717 /* Resources */,
			);
			buildRules = (
			);
			dependencies = (
			);
			name = OverlayDemo;
			productName = OverlayDemo;
			productReference = CD03E2591F7A387D00520717 /* OverlayDemo.app */;
			productType = "com.apple.product-type.application";
		};
/* End PBXNativeTarget section */

/* Begin PBXProject section */
		CD03E2511F7A387D00520717 /* Project object */ = {
			isa = PBXProject;
			attributes = {
				LastSwiftUpdateCheck = 0830;
				LastUpgradeCheck = 0830;
				ORGANIZATIONNAME = Soocii;
				TargetAttributes = {
					CD03E2581F7A387D00520717 = {
						CreatedOnToolsVersion = 8.3.3;
						DevelopmentTeam = 3G64553P7J;
						ProvisioningStyle = Automatic;
					};
				};
			};
			buildConfigurationList = CD03E2541F7A387D00520717 /* Build configuration list for PBXProject "OverlayDemo" */;
			compatibilityVersion = "Xcode 3.2";
			developmentRegion = English;
			hasScannedForEncodings = 0;
			knownRegions = (
				en,
				Base,
			);
			mainGroup = CD03E2501F7A387D00520717;
			productRefGroup = CD03E25A1F7A387D00520717 /* Products */;
			projectDirPath = "";
			projectRoot = "";
			targets = (
				CD03E2581F7A387D00520717 /* OverlayDemo */,
			);
		};
/* End PBXProject section */

/* Begin PBXResourcesBuildPhase section */
		CD03E2571F7A387D00520717 /* Resources */ = {
			isa = PBXResourcesBuildPhase;
			buildActionMask = 2147483647;
			files = (
				CD03E2671F7A387D00520717 /* LaunchScreen.storyboard in Resources */,
				CD03E2641F7A387D00520717 /* Assets.xcassets in Resources */,
				CD03E2621F7A387D00520717 /* Main.storyboard in Resources */,
			);
			runOnlyForDeploymentPostprocessing = 0;
		};
/* End PBXResourcesBuildPhase section */

/* Begin PBXSourcesBuildPhase section */
		CD03E2551F7A387D00520717 /* Sources */ = {
			isa = PBXSourcesBuildPhase;
			buildActionMask = 2147483647;
			files = (
				CD03E25F1F7A387D00520717 /* ViewController.swift in Sources */,
				CD03E25D1F7A387D00520717 /* AppDelegate.swift in Sources */,
			);
			runOnlyForDeploymentPostprocessing = 0;
		};
/* End PBXSourcesBuildPhase section */

/* Begin PBXVariantGroup section */
		CD03E2601F7A387D00520717 /* Main.storyboard */ = {
			isa = PBXVariantGroup;
			children = (
				CD03E2611F7A387D00520717 /* Base */,
			);
			name = Main.storyboard;
			sourceTree = "<group>";
		};
		CD03E2651F7A387D00520717 /* LaunchScreen.storyboard */ = {
			isa = PBXVariantGroup;
			children = (
				CD03E2661F7A387D00520717 /* Base */,
			);
			name = LaunchScreen.storyboard;
			sourceTree = "<group>";
		};
/* End PBXVariantGroup section */

/* Begin XCBuildConfiguration section */
		CD03E2691F7A387D00520717 /* Debug */ = {
			isa = XCBuildConfiguration;
			buildSettings = {
				ALWAYS_SEARCH_USER_PATHS = NO;
				CLANG_ANALYZER_NONNULL = YES;
				CLANG_ANALYZER_NUMBER_OBJECT_CONVERSION = YES_AGGRESSIVE;
				CLANG_CXX_LANGUAGE_STANDARD = "gnu++0x";
				CLANG_CXX_LIBRARY = "libc++";
				CLANG_ENABLE_MODULES = YES;
				CLANG_ENABLE_OBJC_ARC = YES;
				CLANG_WARN_BOOL_CONVERSION = YES;
				CLANG_WARN_CONSTANT_CONVERSION = YES;
				CLANG_WARN_DIRECT_OBJC_ISA_USAGE = YES_ERROR;
				CLANG_WARN_DOCUMENTATION_COMMENTS = YES;
				CLANG_WARN_EMPTY_BODY = YES;
				CLANG_WARN_ENUM_CONVERSION = YES;
				CLANG_WARN_INFINITE_RECURSION = YES;
				CLANG_WARN_INT_CONVERSION = YES;
				CLANG_WARN_OBJC_ROOT_CLASS = YES_ERROR;
				CLANG_WARN_SUSPICIOUS_MOVE = YES;
				CLANG_WARN_UNREACHABLE_CODE = YES;
				CLANG_WARN__DUPLICATE_METHOD_MATCH = YES;
				"CODE_SIGN_IDENTITY[sdk=iphoneos*]" = "iPhone Developer";
				COPY_PHASE_STRIP = NO;
				DEBUG_INFORMATION_FORMAT = dwarf;
				ENABLE_STRICT_OBJC_MSGSEND = YES;
				ENABLE_TESTABILITY = YES;
				GCC_C_LANGUAGE_STANDARD = gnu99;
				GCC_DYNAMIC_NO_PIC = NO;
				GCC_NO_COMMON_BLOCKS = YES;
				GCC_OPTIMIZATION_LEVEL = 0;
				GCC_PREPROCESSOR_DEFINITIONS = (
					"DEBUG=1",
					"$(inherited)",
				);
				GCC_WARN_64_TO_32_BIT_CONVERSION = YES;
				GCC_WARN_ABOUT_RETURN_TYPE = YES_ERROR;
				GCC_WARN_UNDECLARED_SELECTOR = YES;
				GCC_WARN_UNINITIALIZED_AUTOS = YES_AGGRESSIVE;
				GCC_WARN_UNUSED_FUNCTION = YES;
				GCC_WARN_UNUSED_VARIABLE = YES;
				IPHONEOS_DEPLOYMENT_TARGET = 10.3;
				MTL_ENABLE_DEBUG_INFO = YES;
				ONLY_ACTIVE_ARCH = YES;
				SDKROOT = iphoneos;
				SWIFT_ACTIVE_COMPILATION_CONDITIONS = DEBUG;
				SWIFT_OPTIMIZATION_LEVEL = "-Onone";
				TARGETED_DEVICE_FAMILY = "1,2";
			};
			name = Debug;
		};
		CD03E26A1F7A387D00520717 /* Release */ = {
			isa = XCBuildConfiguration;
			buildSettings = {
				ALWAYS_SEARCH_USER_PATHS = NO;
				CLANG_ANALYZER_NONNULL = YES;
				CLANG_ANALYZER_NUMBER_OBJECT_CONVERSION = YES_AGGRESSIVE;
				CLANG_CXX_LANGUAGE_STANDARD = "gnu++0x";
				CLANG_CXX_LIBRARY = "libc++";
				CLANG_ENABLE_MODULES = YES;
				CLANG_ENABLE_OBJC_ARC = YES;
				CLANG_WARN_BOOL_CONVERSION = YES;
				CLANG_WARN_CONSTANT_CONVERSION = YES;
				CLANG_WARN_DIRECT_OBJC_ISA_USAGE = YES_ERROR;
				CLANG_WARN_DOCUMENTATION_COMMENTS = YES;
				CLANG_WARN_EMPTY_BODY = YES;
				CLANG_WARN_ENUM_CONVERSION = YES;
				CLANG_WARN_INFINITE_RECURSION = YES;
				CLANG_WARN_INT_CONVERSION = YES;
				CLANG_WARN_OBJC_ROOT_CLASS = YES_ERROR;
				CLANG_WARN_SUSPICIOUS_MOVE = YES;
				CLANG_WARN_UNREACHABLE_CODE = YES;
				CLANG_WARN__DUPLICATE_METHOD_MATCH = YES;
				"CODE_SIGN_IDENTITY[sdk=iphoneos*]" = "iPhone Developer";
				COPY_PHASE_STRIP = NO;
				DEBUG_INFORMATION_FORMAT = "dwarf-with-dsym";
				ENABLE_NS_ASSERTIONS = NO;
				ENABLE_STRICT_OBJC_MSGSEND = YES;
				GCC_C_LANGUAGE_STANDARD = gnu99;
				GCC_NO_COMMON_BLOCKS = YES;
				GCC_WARN_64_TO_32_BIT_CONVERSION = YES;
				GCC_WARN_ABOUT_RETURN_TYPE = YES_ERROR;
				GCC_WARN_UNDECLARED_SELECTOR = YES;
				GCC_WARN_UNINITIALIZED_AUTOS = YES_AGGRESSIVE;
				GCC_WARN_UNUSED_FUNCTION = YES;
				GCC_WARN_UNUSED_VARIABLE = YES;
				IPHONEOS_DEPLOYMENT_TARGET = 10.3;
				MTL_ENABLE_DEBUG_INFO = NO;
				SDKROOT = iphoneos;
				SWIFT_OPTIMIZATION_LEVEL = "-Owholemodule";
				TARGETED_DEVICE_FAMILY = "1,2";
				VALIDATE_PRODUCT = YES;
			};
			name = Release;
		};
		CD03E26C1F7A387D00520717 /* Debug */ = {
			isa = XCBuildConfiguration;
			buildSettings = {
				ASSETCATALOG_COMPILER_APPICON_NAME = AppIcon;
				DEVELOPMENT_TEAM = 3G64553P7J;
				INFOPLIST_FILE = OverlayDemo/Info.plist;
				LD_RUNPATH_SEARCH_PATHS = "$(inherited) @executable_path/Frameworks";
				PRODUCT_BUNDLE_IDENTIFIER = me.soocii.example.OverlayDemo;
				PRODUCT_NAME = "$(TARGET_NAME)";
				SWIFT_VERSION = 3.0;
			};
			name = Debug;
		};
		CD03E26D1F7A387D00520717 /* Release */ = {
			isa = XCBuildConfiguration;
			buildSettings = {
				ASSETCATALOG_COMPILER_APPICON_NAME = AppIcon;
				DEVELOPMENT_TEAM = 3G64553P7J;
				INFOPLIST_FILE = OverlayDemo/Info.plist;
				LD_RUNPATH_SEARCH_PATHS = "$(inherited) @executable_path/Frameworks";
				PRODUCT_BUNDLE_IDENTIFIER = me.soocii.example.OverlayDemo;
				PRODUCT_NAME = "$(TARGET_NAME)";
				SWIFT_VERSION = 3.0;
			};
			name = Release;
		};
/* End XCBuildConfiguration section */

/* Begin XCConfigurationList section */
		CD03E2541F7A387D00520717 /* Build configuration list for PBXProject "OverlayDemo" */ = {
			isa = XCConfigurationList;
			buildConfigurations = (
				CD03E2691F7A387D00520717 /* Debug */,
				CD03E26A1F7A387D00520717 /* Release */,
			);
			defaultConfigurationIsVisible = 0;
			defaultConfigurationName = Release;
		};
		CD03E26B1F7A387D00520717 /* Build configuration list for PBXNativeTarget "OverlayDemo" */ = {
			isa = XCConfigurationList;
			buildConfigurations = (
				CD03E26C1F7A387D00520717 /* Debug */,
				CD03E26D1F7A387D00520717 /* Release */,
			);
			defaultConfigurationIsVisible = 0;
		};
/* End XCConfigurationList section */
	};
	rootObject = CD03E2511F7A387D00520717 /* Project object */;
}
